
Microsoft Visual Studio Solution File, Format Version 12.00
# Visual Studio Version 16
VisualStudioVersion = 16.0.30711.63
MinimumVisualStudioVersion = 10.0.40219.1
Project("{FAE04EC0-301F-11D3-BF4B-00C04F79EFBC}") = "TestVpnPluginApp", "TestVpnPluginApp\TestVpnPluginApp.csproj", "{67E7B63A-9255-431F-8B33-1703069E2C39}"
	ProjectSection(ProjectDependencies) = postProject
		{78E031DB-E1B6-4F11-816F-E43C24B01BD4} = {78E031DB-E1B6-4F11-816F-E43C24B01BD4}
	EndProjectSection
EndProject
Project("{FAE04EC0-301F-11D3-BF4B-00C04F79EFBC}") = "TestVpnPluginAppBg", "TestVpnPluginAppBg\TestVpnPluginAppBg.csproj", "{78E031DB-E1B6-4F11-816F-E43C24B01BD4}"
EndProject
Global
	GlobalSection(SolutionConfigurationPlatforms) = preSolution
		Debug|x64 = Debug|x64
		Release|x64 = Release|x64
	EndGlobalSection
	GlobalSection(ProjectConfigurationPlatforms) = postSolution
		{67E7B63A-9255-431F-8B33-1703069E2C39}.Debug|x64.ActiveCfg = Debug|x64
		{67E7B63A-9255-431F-8B33-1703069E2C39}.Debug|x64.Build.0 = Debug|x64
		{67E7B63A-9255-431F-8B33-1703069E2C39}.Debug|x64.Deploy.0 = Debug|x64
		{67E7B63A-9255-431F-8B33-1703069E2C39}.Release|x64.ActiveCfg = Release|x64
		{67E7B63A-9255-431F-8B33-1703069E2C39}.Release|x64.Build.0 = Release|x64
		{67E7B63A-9255-431F-8B33-1703069E2C39}.Release|x64.Deploy.0 = Release|x64
		{78E031DB-E1B6-4F11-816F-E43C24B01BD4}.Debug|x64.ActiveCfg = Debug|x64
		{78E031DB-E1B6-4F11-816F-E43C24B01BD4}.Debug|x64.Build.0 = Debug|x64
		{78E031DB-E1B6-4F11-816F-E43C24B01BD4}.Release|x64.ActiveCfg = Release|x64
		{78E031DB-E1B6-4F11-816F-E43C24B01BD4}.Release|x64.Build.0 = Release|x64
	EndGlobalSection
	GlobalSection(SolutionProperties) = preSolution
		HideSolutionNode = FALSE
	EndGlobalSection
	GlobalSection(ExtensibilityGlobals) = postSolution
		SolutionGuid = {883210F9-51D2-4BEC-A671-DB8BD9B60111}
	EndGlobalSection
EndGlobal
